
Microsoft Visual Studio Solution File, Format Version 12.00
# Visual Studio Version 17
VisualStudioVersion = 17.2.32422.2
MinimumVisualStudioVersion = 10.0.40219.1
Project("{9A19103F-16F7-4668-BE54-9A1E7A4F7556}") = "UsingExtensionMethod", "HeyJsonSerializerIgnoreStuffWithThisCodeword\UsingExtensionMethod.csproj", "{BF8DF5AB-0906-4981-B0B4-0AF4C257DEA3}"
EndProject
Project("{FAE04EC0-301F-11D3-BF4B-00C04F79EFBC}") = "UsingConstructor", "UsingConstructor\UsingConstructor.csproj", "{FA0DA3F0-6C37-4A10-BAA4-E52BA1AEB644}"
EndProject
Global
	GlobalSection(SolutionConfigurationPlatforms) = preSolution
		Debug|Any CPU = Debug|Any CPU
		Release|Any CPU = Release|Any CPU
	EndGlobalSection
	GlobalSection(ProjectConfigurationPlatforms) = postSolution
		{BF8DF5AB-0906-4981-B0B4-0AF4C257DEA3}.Debug|Any CPU.ActiveCfg = Debug|Any CPU
		{BF8DF5AB-0906-4981-B0B4-0AF4C257DEA3}.Debug|Any CPU.Build.0 = Debug|Any CPU
		{BF8DF5AB-0906-4981-B0B4-0AF4C257DEA3}.Release|Any CPU.ActiveCfg = Release|Any CPU
		{BF8DF5AB-0906-4981-B0B4-0AF4C257DEA3}.Release|Any CPU.Build.0 = Release|Any CPU
		{FA0DA3F0-6C37-4A10-BAA4-E52BA1AEB644}.Debug|Any CPU.ActiveCfg = Debug|Any CPU
		{FA0DA3F0-6C37-4A10-BAA4-E52BA1AEB644}.Debug|Any CPU.Build.0 = Debug|Any CPU
		{FA0DA3F0-6C37-4A10-BAA4-E52BA1AEB644}.Release|Any CPU.ActiveCfg = Release|Any CPU
		{FA0DA3F0-6C37-4A10-BAA4-E52BA1AEB644}.Release|Any CPU.Build.0 = Release|Any CPU
	EndGlobalSection
	GlobalSection(SolutionProperties) = preSolution
		HideSolutionNode = FALSE
	EndGlobalSection
	GlobalSection(ExtensibilityGlobals) = postSolution
		SolutionGuid = {29036733-598C-4AD7-9FDF-98A781407F7F}
	EndGlobalSection
EndGlobal
